{
  "name": "@eslint/js",
  "version": "9.34.0",
  "resolved": "https://registry.npmjs.org/@eslint/js/-/js-9.34.0.tgz",
  "integrity": "sha512-EoyvqQnBNsV1CWaEJ559rxXL4c8V92gxirbawSmVUOWXlsRxxQXl6LmCpdUblgxgSkDIqKnhzba2SjRTI/A5Rw==",
  "node_modules/@expo/cli/node_modules/pretty-format/node_modules/ansi-styles": {
    "version": "5.2.0",
    "resolved": "https://registry.npmjs.org/ansi-styles/-/ansi-styles-5.2.0.tgz",
    "integrity": "sha512-Cxwpt2SfTzTtXcfOlzGEee8O+c+MmUgGrNiBcXnuWxuFJHe6a5Hz7qwhwe5OgaSYI0IJvkLqWX1ASG+cJOkEiA==",
    "license": "MIT",
    "engines": {
      "node": ">=10"
    },
    "funding": {
      "url": "https://github.com/chalk/ansi-styles?sponsor=1"
    }
  },
  "node_modules/@jest/core/node_modules/pretty-format/node_modules/ansi-styles": {
    "version": "5.2.0",
    "resolved": "https://registry.npmjs.org/ansi-styles/-/ansi-styles-5.2.0.tgz",
    "integrity": "sha512-Cxwpt2SfTzTtXcfOlzGEee8O+c+MmUgGrNiBcXnuWxuFJHe6a5Hz7qwhwe5OgaSYI0IJvkLqWX1ASG+cJOkEiA==",
    "dev": true,
    "license": "MIT",
    "engines": {
      "node": ">=10"
    },
    "funding": {
      "url": "https://github.com/chalk/ansi-styles?sponsor=1"
    }
  },
  "node_modules/@jest/expect/node_modules/pretty-format/node_modules/ansi-styles": {
    "version": "5.2.0",
    "resolved": "https://registry.npmjs.org/ansi-styles/-/ansi-styles-5.2.0.tgz",
    "integrity": "sha512-Cxwpt2SfTzTtXcfOlzGEee8O+c+MmUgGrNiBcXnuWxuFJHe6a5Hz7qwhwe5OgaSYI0IJvkLqWX1ASG+cJOkEiA==",
    "dev": true,
    "license": "MIT",
    "engines": {
      "node": ">=10"
    },
    "funding": {
      "url": "https://github.com/chalk/ansi-styles?sponsor=1"
    }
  },
  "node_modules/@jest/fake-timers/node_modules/pretty-format/node_modules/ansi-styles": {
    "version": "5.2.0",
    "resolved": "https://registry.npmjs.org/ansi-styles/-/ansi-styles-5.2.0.tgz",
    "integrity": "sha512-Cxwpt2SfTzTtXcfOlzGEee8O+c+MmUgGrNiBcXnuWxuFJHe6a5Hz7qwhwe5OgaSYI0IJvkLqWX1ASG+cJOkEiA==",
    "license": "MIT",
    "engines": {
      "node": ">=10"
    }