... keeping incoming changes ...
"node_modules/which-boxed-primitive": {
  "version": "1.1.1",
  "resolved": "https://registry.npmjs.org/which-boxed-primitive/-/which-boxed-primitive-1.1.1.tgz",
  "integrity": "sha512-TbX3mj8n0odCBFVlY8AxkqcHASw3L60jIuF8jFP78az3C2YhmGvqbHBpAjTRH2/xqYunrJ9g1jSyjCjpoWzIAA=="
},
"node_modules/jest-changed-files": {
  "version": "29.7.0",
  "resolved": "https://registry.npmjs.org/jest-changed-files/-/jest-changed-files-29.7.0.tgz",
  "integrity": "sha512-fEArFiwf1BpQ+4bXSprcDc3/x4HSzL4al2tozwVpDFpsxALjLYdyiIK4e5Vz66GQJIbXJ82+35PtysofptNX2w==",
  "dev": true,
  "license": "MIT",
  "dependencies": {
    "execa": "^5.0.0",
    "jest-util": "^29.7.0"
  }
}